# versions.lock — PlayOS component version pins
#
# ALL entries must be full commit SHAs or exact version tags.
# Never use branch names or 'latest'.
# Update via: scripts/update-versions.sh --component <name> --commit <sha>
#
# ── Buildroot ─────────────────────────────────────────────────────────────
# Pinned Buildroot snapshot. REQUIRED: this is the single source of truth for
# the toolchain, kernel headers, and all third-party package versions
# (wlroots, Mesa, gcc, musl, wayland, ...). A known-good master snapshot is
# pinned for now; migrate to an LTS release tag at the next release cycle.
BUILDROOT_COMMIT=d38b4915e9437c5492836914c0a0fff12b4f1031
BUILDROOT_SOURCE=https://git.buildroot.net/buildroot

# ── Linux kernel ──────────────────────────────────────────────────────────
# Pinned kernel version for reproducibility. Must match BR2_KERNEL_HEADERS_*
# in the defconfigs (6.12.103). SHA256 is the kernel.org tarball digest.
LINUX_VERSION=6.12.103
LINUX_SOURCE=https://cdn.kernel.org/pub/linux/kernel/v6.x/
LINUX_SHA256=f143aaade8877ba5616e788b4482576db28481bcf557ef537f4fcc3938fc3176

# ── PlayOS components ─────────────────────────────────────────────────────
PLAYOS_SPEC_COMMIT=f03a41070a4ed5a2a4033a237dc8fc8562d57e6f
PLAYOS_PLATFORM_API_COMMIT=ec26cc359886c83d1a618a05c2ee4d5184ac3c63  # sprint-5.6: evdev diagnostic logging + name-based device matching
PLAYOS_RUNTIME_COMMIT=e7d94d2e726fd9703e0a7e11272e09991b7fcd8c  # sprint-5: trusted_control IPC client
PLAYOS_INIT_COMMIT=6ddc789dc34fa1982ac57d656a409006b4a751d5  # sprint-6: FactoryReset IPC + storage marker + /data layout + shipped-game seeding + boot banner + provisioning halt + persistent init.log + real game launch w/ game stderr capture
PLAYOS_COMPOSITOR_COMMIT=ff9a0d40481a124ad5d8d3a8005a038d43b6085b  # sprint-5: shell IPC integration + playos_manager
PLAYOS_SHELL_COMMIT=36eaefe944c437ed2f7827c5932b432bb8a4fdd4  # sprint-6: library manifest validation + icon loading + sorting + home footer banner + fast-tap input edge fix
PLAYOS_SAMPLES_COMMIT=13bd7efc4a38ab218d1f28dfc45470ebeb7f7014  # sprint-6: three reference sample games (triangle, input-debug, audio-sine)
PLAYOS_SAMPLES_SOURCE=https://github.com/PlayOS-Foundation/playos-samples

# ── Key dependencies ──────────────────────────────────────────────────────
# NOTE: wlroots, Mesa, wayland, libdrm, libinput, libxkbcommon, gcc, and musl
# are all versioned by the pinned BUILDROOT_COMMIT above (Buildroot ships them).
# The fields below are INFORMATIONAL — leave empty unless PlayOS overrides a
# Buildroot default with its own package/version.
WLROOTS_COMMIT=
WLROOTS_SOURCE=https://gitlab.freedesktop.org/wlroots/wlroots

# Raylib is vendored as committed files inside playos-shell (external/raylib),
# so PLAYOS_SHELL_COMMIT already pins it. Kept here for visibility.
RAYLIB_COMMIT=dbc56a87da87d973a9c5baa4e7438a9d20121d28  # 6.0 tag
RAYLIB_SOURCE=https://github.com/raysan5/raylib

MESA_VERSION=
MESA_SOURCE=https://mesa.freedesktop.org/archive/

WAYLAND_VERSION=
WAYLAND_PROTOCOLS_VERSION=
LIBDRM_VERSION=
LIBINPUT_VERSION=
LIBXKBCOMMON_VERSION=

# ── Toolchain ─────────────────────────────────────────────────────────────
# Toolchain versions are pinned transitively via BUILDROOT_COMMIT (informational):
TOOLCHAIN_MUSL_VERSION=
GCC_VERSION=
