# versions.lock — PlayOS component version pins
#
# ALL entries must be full commit SHAs or exact version tags.
# Never use branch names or 'latest'.
# Update via: scripts/update-versions.sh --component <name> --commit <sha>
#
# ── Buildroot ─────────────────────────────────────────────────────────────
# Pinned to a known-good Buildroot LTS release. Update when upgrading Buildroot.
BUILDROOT_COMMIT=
BUILDROOT_SOURCE=https://git.buildroot.net/buildroot

# ── Linux kernel ──────────────────────────────────────────────────────────
# Pinned kernel version for reproducibility.
LINUX_VERSION=
LINUX_SOURCE=https://cdn.kernel.org/pub/linux/kernel/v6.x/
LINUX_SHA256=

# ── PlayOS components ─────────────────────────────────────────────────────
PLAYOS_SPEC_COMMIT=e529e1062ad049663de372ebb136ea2d356e07d3
PLAYOS_PLATFORM_API_COMMIT=d7a0050cde6fd80be9e06841cba761ea34f9680d
PLAYOS_RUNTIME_COMMIT=4bfde10d06fc4a08bc311a4bbc06ec1a82c5d494
PLAYOS_COMPOSITOR_COMMIT=0a1615e252dcdb721fd7b4bf117149739f5932e4  # wlroots 0.20 / sprint-2
PLAYOS_SHELL_COMMIT=e03cbc94e104fcc0b381a2575d1b7e07a6b31f17

# ── Key dependencies ──────────────────────────────────────────────────────
WLROOTS_COMMIT=
WLROOTS_SOURCE=https://gitlab.freedesktop.org/wlroots/wlroots

RAYLIB_COMMIT=
RAYLIB_SOURCE=https://github.com/raysan5/raylib

MESA_VERSION=
MESA_SOURCE=https://mesa.freedesktop.org/archive/

WAYLAND_VERSION=
WAYLAND_PROTOCOLS_VERSION=
LIBDRM_VERSION=
LIBINPUT_VERSION=
LIBXKBCOMMON_VERSION=

# ── Toolchain ─────────────────────────────────────────────────────────────
TOOLCHAIN_MUSL_VERSION=
GCC_VERSION=
