# versions.lock — PlayOS component version pins
#
# ALL entries must be full commit SHAs or exact version tags.
# Never use branch names or 'latest'.
# Update via: scripts/update-versions.sh --component <name> --commit <sha>
#
# ── Buildroot ─────────────────────────────────────────────────────────────
# Pinned Buildroot snapshot. REQUIRED: this is the single source of truth for
# the toolchain, kernel headers, and all third-party package versions
# (wlroots, Mesa, gcc, musl, wayland, ...). A known-good master snapshot is
# pinned for now; migrate to an LTS release tag at the next release cycle.
BUILDROOT_COMMIT=d38b4915e9437c5492836914c0a0fff12b4f1031
BUILDROOT_SOURCE=https://git.buildroot.net/buildroot

# ── Linux kernel ──────────────────────────────────────────────────────────
# Pinned kernel version for reproducibility. Must match BR2_KERNEL_HEADERS_*
# in the defconfigs (6.12.103). SHA256 is the kernel.org tarball digest.
LINUX_VERSION=6.12.103
LINUX_SOURCE=https://cdn.kernel.org/pub/linux/kernel/v6.x/
LINUX_SHA256=f143aaade8877ba5616e788b4482576db28481bcf557ef537f4fcc3938fc3176

# ── PlayOS components ─────────────────────────────────────────────────────
PLAYOS_SPEC_COMMIT=e874c13ae699d149980178ef2643860f7e3b957e  # spec: Sprint 13 on-device ZenBook evidence (boot/render/gamepad/power)
PLAYOS_PLATFORM_API_COMMIT=d9d5baebe5b0734f72af5e4df84565c54c5c0b71  # platform-api: Sprint 13 T5 vendor-agnostic hwmon readers (i915/coretemp)
PLAYOS_RUNTIME_COMMIT=fbc16036cbf90d96df5ca5829bfe043c499317e6  # runtime: control-socket policy test (S12-T6)
PLAYOS_INIT_COMMIT=41c071b237e570a4ff652c6f5a22602d06700b09  # init: Sprint 13 T5 vendor-agnostic hwmon name matchers
PLAYOS_COMPOSITOR_COMMIT=8efd749260a93e4ce245c394f21ccf28113a76d6  # compositor: wire gpu_select_index into gpu_discovery (single source of truth)
PLAYOS_SHELL_COMMIT=dde9f57b91dfbd2f208b51f62a7264d4fb494869  # shell: terminate running game on B (exit fix)
PLAYOS_SAMPLES_COMMIT=2aaec17b81d668f2116b5ec0c8a2d53db326faf9  # samples: fix cel shading white car (consume viewPos via specular)
PLAYOS_SAMPLES_SOURCE=https://github.com/PlayOS-Foundation/playos-samples

# ── Key dependencies ──────────────────────────────────────────────────────
# NOTE: wlroots, Mesa, wayland, libdrm, libinput, libxkbcommon, gcc, and musl
# are all versioned by the pinned BUILDROOT_COMMIT above (Buildroot ships them).
# The fields below are INFORMATIONAL — leave empty unless PlayOS overrides a
# Buildroot default with its own package/version.
WLROOTS_COMMIT=
WLROOTS_SOURCE=https://gitlab.freedesktop.org/wlroots/wlroots

# Raylib is vendored as committed files inside playos-shell (external/raylib),
# so PLAYOS_SHELL_COMMIT already pins it. Kept here for visibility.
RAYLIB_COMMIT=dbc56a87da87d973a9c5baa4e7438a9d20121d28  # 6.0 tag
RAYLIB_SOURCE=https://github.com/raysan5/raylib

MESA_VERSION=
MESA_SOURCE=https://mesa.freedesktop.org/archive/

WAYLAND_VERSION=
WAYLAND_PROTOCOLS_VERSION=
LIBDRM_VERSION=
LIBINPUT_VERSION=
LIBXKBCOMMON_VERSION=

# ── Host-native build dependencies ────────────────────────────────────────
# ONLY for building playos-compositor/playos-shell NATIVELY on the host (fast
# iteration / nested testing). The shipped image is unaffected — Buildroot
# supplies its own wlroots/wayland/mesa from BUILDROOT_COMMIT.
# Built/installed by: playos-refdistro/scripts/build-host-deps.sh
HOST_WAYLAND_VERSION=1.24.0
HOST_WAYLAND_PROTOCOLS_VERSION=1.47
HOST_LIBDRM_VERSION=2.4.134
HOST_LIBXKBCOMMON_VERSION=1.9.2
HOST_PIXMAN_VERSION=0.46.4
HOST_WLROOTS_VERSION=0.20.2

# ── Toolchain ─────────────────────────────────────────────────────────────
# Toolchain versions are pinned transitively via BUILDROOT_COMMIT (informational):
TOOLCHAIN_MUSL_VERSION=
GCC_VERSION=
